{
  "lockfile_version": "1",
  "packages": {
    "go-task@latest": {
      "last_modified": "2024-12-11T16:51:25Z",
      "resolved": "github:NixOS/nixpkgs/5a48e3c2e435e95103d56590188cfed7b70e108c#go-task",
      "source": "devbox-search",
      "version": "3.40.1",
      "systems": {
        "aarch64-darwin": {
          "outputs": [
            {
              "name": "out",
              "path": "/nix/store/ymxlzx52b91kag9spjzkg14win3qv7cz-go-task-3.40.1",
              "default": true
            }
          ],
          "store_path": "/nix/store/ymxlzx52b91kag9spjzkg14win3qv7cz-go-task-3.40.1"
        },
        "aarch64-linux": {
          "outputs": [
            {
              "name": "out",
              "path": "/nix/store/wvh907br8rl1w4blkx6clxgh1kwbahl6-go-task-3.40.1",
              "default": true
            }
          ],
          "store_path": "/nix/store/wvh907br8rl1w4blkx6clxgh1kwbahl6-go-task-3.40.1"
        },
        "x86_64-darwin": {
          "outputs": [
            {
              "name": "out",
              "path": "/nix/store/3cdlrnlspqhzsa9qyhl8wdxwcdgm4z79-go-task-3.40.1",
              "default": true
            }
          ],
          "store_path": "/nix/store/3cdlrnlspqhzsa9qyhl8wdxwcdgm4z79-go-task-3.40.1"
        },
        "x86_64-linux": {
          "outputs": [
            {
              "name": "out",
              "path": "/nix/store/2476b47w2v3kil9pxskjcfay8ag8d1x8-go-task-3.40.1",
              "default": true
            }
          ],
          "store_path": "/nix/store/2476b47w2v3kil9pxskjcfay8ag8d1x8-go-task-3.40.1"
        }
      }
    },
    "kubectl@latest": {
      "last_modified": "2024-12-17T11:43:56Z",
      "resolved": "github:NixOS/nixpkgs/4989a246d7a390a859852baddb1013f825435cee#kubectl",
      "source": "devbox-search",
      "version": "1.32.0",
      "systems": {
        "aarch64-darwin": {
          "outputs": [
            {
              "name": "out",
              "path": "/nix/store/fsdh94qxvi6kadpw71zqd0gmwfv8k8zi-kubectl-1.32.0",
              "default": true
            },
            {
              "name": "man",
              "path": "/nix/store/k6jykpa16in63nkq04rclv46fcfgb0jd-kubectl-1.32.0-man",
              "default": true
            },
            {
              "name": "convert",
              "path": "/nix/store/yb4xp065fawbidlxbd99m0al57z5rrsh-kubectl-1.32.0-convert"
            }
          ],
          "store_path": "/nix/store/fsdh94qxvi6kadpw71zqd0gmwfv8k8zi-kubectl-1.32.0"
        },
        "aarch64-linux": {
          "outputs": [
            {
              "name": "out",
              "path": "/nix/store/jqc6spglwlc8hqj5153ba5lky5yqdxnd-kubectl-1.32.0",
              "default": true
            },
            {
              "name": "man",
              "path": "/nix/store/7p5ain9figqsxj5kqrvk40qvbwjqhdib-kubectl-1.32.0-man",
              "default": true
            },
            {
              "name": "convert",
              "path": "/nix/store/jdlmrgs0nqzrxfxya3apjbx0mchldlc1-kubectl-1.32.0-convert"
            }
          ],
          "store_path": "/nix/store/jqc6spglwlc8hqj5153ba5lky5yqdxnd-kubectl-1.32.0"
        },
        "x86_64-darwin": {
          "outputs": [
            {
              "name": "out",
              "path": "/nix/store/34m30835b5551nkbby5imdvcl8j0zyyb-kubectl-1.32.0",
              "default": true
            },
            {
              "name": "man",
              "path": "/nix/store/xygazd3c97yn1a6ai7vir1hybir2z6kn-kubectl-1.32.0-man",
              "default": true
            },
            {
              "name": "convert",
              "path": "/nix/store/z9fimhnqqyi06j87japca80s89jv25b1-kubectl-1.32.0-convert"
            }
          ],
          "store_path": "/nix/store/34m30835b5551nkbby5imdvcl8j0zyyb-kubectl-1.32.0"
        },
        "x86_64-linux": {
          "outputs": [
            {
              "name": "out",
              "path": "/nix/store/jbk8gl4zwbjp998gh516m5aj9scp8rm1-kubectl-1.32.0",
              "default": true
            },
            {
              "name": "man",
              "path": "/nix/store/m9d1z32ngmv3fwc44pqpclp7kisdglgw-kubectl-1.32.0-man",
              "default": true
            },
            {
              "name": "convert",
              "path": "/nix/store/azq3fm6jliha1z6ph1dd2x5nvwfg17xb-kubectl-1.32.0-convert"
            }
          ],
          "store_path": "/nix/store/jbk8gl4zwbjp998gh516m5aj9scp8rm1-kubectl-1.32.0"
        }
      }
    },
    "kubectx@latest": {
      "last_modified": "2024-11-28T07:51:56Z",
      "resolved": "github:NixOS/nixpkgs/226216574ada4c3ecefcbbec41f39ce4655f78ef#kubectx",
      "source": "devbox-search",
      "version": "0.9.5",
      "systems": {
        "aarch64-darwin": {
          "outputs": [
            {
              "name": "out",
              "path": "/nix/store/yj0m0c354x0aspwqc3h8is34hsh8ab30-kubectx-0.9.5",
              "default": true
            }
          ],
          "store_path": "/nix/store/yj0m0c354x0aspwqc3h8is34hsh8ab30-kubectx-0.9.5"
        },
        "aarch64-linux": {
          "outputs": [
            {
              "name": "out",
              "path": "/nix/store/cvhy83hgsac5wrpwf9dcrqlxldblcyw5-kubectx-0.9.5",
              "default": true
            }
          ],
          "store_path": "/nix/store/cvhy83hgsac5wrpwf9dcrqlxldblcyw5-kubectx-0.9.5"
        },
        "x86_64-darwin": {
          "outputs": [
            {
              "name": "out",
              "path": "/nix/store/6nmh80z89f0hz0xjcvvpnynzziv8x4r9-kubectx-0.9.5",
              "default": true
            }
          ],
          "store_path": "/nix/store/6nmh80z89f0hz0xjcvvpnynzziv8x4r9-kubectx-0.9.5"
        },
        "x86_64-linux": {
          "outputs": [
            {
              "name": "out",
              "path": "/nix/store/lwv82bbwlmfxbjzyv2990g6c66mrcljz-kubectx-0.9.5",
              "default": true
            }
          ],
          "store_path": "/nix/store/lwv82bbwlmfxbjzyv2990g6c66mrcljz-kubectx-0.9.5"
        }
      }
    },
    "kubent@latest": {
      "last_modified": "2024-12-03T12:40:06Z",
      "resolved": "github:NixOS/nixpkgs/566e53c2ad750c84f6d31f9ccb9d00f823165550#kubent",
      "source": "devbox-search",
      "version": "0.7.3",
      "systems": {
        "aarch64-darwin": {
          "outputs": [
            {
              "name": "out",
              "path": "/nix/store/1g9bpific0c6g1c6yaz59m33ayi6mxvg-kubent-0.7.3",
              "default": true
            }
          ],
          "store_path": "/nix/store/1g9bpific0c6g1c6yaz59m33ayi6mxvg-kubent-0.7.3"
        },
        "aarch64-linux": {
          "outputs": [
            {
              "name": "out",
              "path": "/nix/store/nnyzk4nv0s06rmgx6sjz991j2sgr517j-kubent-0.7.3",
              "default": true
            }
          ],
          "store_path": "/nix/store/nnyzk4nv0s06rmgx6sjz991j2sgr517j-kubent-0.7.3"
        },
        "x86_64-darwin": {
          "outputs": [
            {
              "name": "out",
              "path": "/nix/store/c9vvpqz4jax60ldqfz091dxf64ljdfwv-kubent-0.7.3",
              "default": true
            }
          ],
          "store_path": "/nix/store/c9vvpqz4jax60ldqfz091dxf64ljdfwv-kubent-0.7.3"
        },
        "x86_64-linux": {
          "outputs": [
            {
              "name": "out",
              "path": "/nix/store/z12gs3rvvghvjgvsiw7z56r8hdava9qm-kubent-0.7.3",
              "default": true
            }
          ],
          "store_path": "/nix/store/z12gs3rvvghvjgvsiw7z56r8hdava9qm-kubent-0.7.3"
        }
      }
    },
    "kubernetes-helm@latest": {
      "last_modified": "2024-12-03T12:40:06Z",
      "resolved": "github:NixOS/nixpkgs/566e53c2ad750c84f6d31f9ccb9d00f823165550#kubernetes-helm",
      "source": "devbox-search",
      "version": "3.16.3",
      "systems": {
        "aarch64-darwin": {
          "outputs": [
            {
              "name": "out",
              "path": "/nix/store/ppr8wia2hmshknp9yfhr7ivqqigqqq4j-kubernetes-helm-3.16.3",
              "default": true
            }
          ],
          "store_path": "/nix/store/ppr8wia2hmshknp9yfhr7ivqqigqqq4j-kubernetes-helm-3.16.3"
        },
        "aarch64-linux": {
          "outputs": [
            {
              "name": "out",
              "path": "/nix/store/vsps7v36p9nbx08v8c7x1a36mmknhacy-kubernetes-helm-3.16.3",
              "default": true
            }
          ],
          "store_path": "/nix/store/vsps7v36p9nbx08v8c7x1a36mmknhacy-kubernetes-helm-3.16.3"
        },
        "x86_64-darwin": {
          "outputs": [
            {
              "name": "out",
              "path": "/nix/store/8xbrzsfv1q0kkranniy99fcszpwmjglr-kubernetes-helm-3.16.3",
              "default": true
            }
          ],
          "store_path": "/nix/store/8xbrzsfv1q0kkranniy99fcszpwmjglr-kubernetes-helm-3.16.3"
        },
        "x86_64-linux": {
          "outputs": [
            {
              "name": "out",
              "path": "/nix/store/nyrghdw5xi4kiwbsw6vdvnnyra5cy0x7-kubernetes-helm-3.16.3",
              "default": true
            }
          ],
          "store_path": "/nix/store/nyrghdw5xi4kiwbsw6vdvnnyra5cy0x7-kubernetes-helm-3.16.3"
        }
      }
    },
    "terraform@latest": {
      "last_modified": "2024-12-13T21:43:23Z",
      "resolved": "github:NixOS/nixpkgs/71a6392e367b08525ee710a93af2e80083b5b3e2#terraform",
      "source": "devbox-search",
      "version": "1.10.2",
      "systems": {
        "aarch64-darwin": {
          "outputs": [
            {
              "name": "out",
              "path": "/nix/store/klr8n653xzzamqr5d90lp3wp76adiwlr-terraform-1.10.2",
              "default": true
            }
          ],
          "store_path": "/nix/store/klr8n653xzzamqr5d90lp3wp76adiwlr-terraform-1.10.2"
        },
        "aarch64-linux": {
          "outputs": [
            {
              "name": "out",
              "path": "/nix/store/bzz0rh5411j9xin9iv1648w2j8a1jn9q-terraform-1.10.2",
              "default": true
            }
          ],
          "store_path": "/nix/store/bzz0rh5411j9xin9iv1648w2j8a1jn9q-terraform-1.10.2"
        },
        "x86_64-darwin": {
          "outputs": [
            {
              "name": "out",
              "path": "/nix/store/1nydwdx7zzz1h0wa4fazy5kmckm34300-terraform-1.10.2",
              "default": true
            }
          ],
          "store_path": "/nix/store/1nydwdx7zzz1h0wa4fazy5kmckm34300-terraform-1.10.2"
        },
        "x86_64-linux": {
          "outputs": [
            {
              "name": "out",
              "path": "/nix/store/4r7rridp45wcgrcpdpqdj04k47vlm59r-terraform-1.10.2",
              "default": true
            }
          ],
          "store_path": "/nix/store/4r7rridp45wcgrcpdpqdj04k47vlm59r-terraform-1.10.2"
        }
      }
    }
  }
}
